
Microsoft Visual Studio Solution File, Format Version 12.00
# Visual Studio Version 16
VisualStudioVersion = 16.0.29326.143
MinimumVisualStudioVersion = 10.0.40219.1
Project("{9A19103F-16F7-4668-BE54-9A1E7A4F7556}") = "Server", "Streaming\Server\Server.csproj", "{C31B188C-8EA5-47F5-8162-DD25015DD629}"
EndProject
Project("{9A19103F-16F7-4668-BE54-9A1E7A4F7556}") = "Client", "Streaming\Client\Client.csproj", "{87A8CC11-FF97-4E2D-B15C-AEE38CF7302A}"
EndProject
Global
	GlobalSection(SolutionConfigurationPlatforms) = preSolution
		Debug|Any CPU = Debug|Any CPU
		Release|Any CPU = Release|Any CPU
	EndGlobalSection
	GlobalSection(ProjectConfigurationPlatforms) = postSolution
		{C31B188C-8EA5-47F5-8162-DD25015DD629}.Debug|Any CPU.ActiveCfg = Debug|Any CPU
		{C31B188C-8EA5-47F5-8162-DD25015DD629}.Debug|Any CPU.Build.0 = Debug|Any CPU
		{C31B188C-8EA5-47F5-8162-DD25015DD629}.Release|Any CPU.ActiveCfg = Release|Any CPU
		{C31B188C-8EA5-47F5-8162-DD25015DD629}.Release|Any CPU.Build.0 = Release|Any CPU
		{87A8CC11-FF97-4E2D-B15C-AEE38CF7302A}.Debug|Any CPU.ActiveCfg = Debug|Any CPU
		{87A8CC11-FF97-4E2D-B15C-AEE38CF7302A}.Debug|Any CPU.Build.0 = Debug|Any CPU
		{87A8CC11-FF97-4E2D-B15C-AEE38CF7302A}.Release|Any CPU.ActiveCfg = Release|Any CPU
		{87A8CC11-FF97-4E2D-B15C-AEE38CF7302A}.Release|Any CPU.Build.0 = Release|Any CPU
	EndGlobalSection
	GlobalSection(SolutionProperties) = preSolution
		HideSolutionNode = FALSE
	EndGlobalSection
	GlobalSection(ExtensibilityGlobals) = postSolution
		SolutionGuid = {C0CD87BB-ED3E-47F8-96D7-E2A3B55B8B88}
	EndGlobalSection
EndGlobal
