
Microsoft Visual Studio Solution File, Format Version 12.00
# Visual Studio Version 16
VisualStudioVersion = 16.0.29326.143
MinimumVisualStudioVersion = 10.0.40219.1
Project("{9A19103F-16F7-4668-BE54-9A1E7A4F7556}") = "Server", "Web\Server\Server.csproj", "{67A2055A-84DB-48E1-909E-6D3C3D1C1D8A}"
EndProject
Project("{FAE04EC0-301F-11D3-BF4B-00C04F79EFBC}") = "ClientWeb", "Web\ClientWeb\ClientWeb.csproj", "{D84F1943-3188-4968-B98C-8C13A0D3DE73}"
EndProject
Project("{9A19103F-16F7-4668-BE54-9A1E7A4F7556}") = "Client", "Web\Client\Client.csproj", "{B8E0BC0A-B745-427C-A287-BEA38970B52C}"
EndProject
Global
	GlobalSection(SolutionConfigurationPlatforms) = preSolution
		Debug|Any CPU = Debug|Any CPU
		Release|Any CPU = Release|Any CPU
	EndGlobalSection
	GlobalSection(ProjectConfigurationPlatforms) = postSolution
		{67A2055A-84DB-48E1-909E-6D3C3D1C1D8A}.Debug|Any CPU.ActiveCfg = Debug|Any CPU
		{67A2055A-84DB-48E1-909E-6D3C3D1C1D8A}.Debug|Any CPU.Build.0 = Debug|Any CPU
		{67A2055A-84DB-48E1-909E-6D3C3D1C1D8A}.Release|Any CPU.ActiveCfg = Release|Any CPU
		{67A2055A-84DB-48E1-909E-6D3C3D1C1D8A}.Release|Any CPU.Build.0 = Release|Any CPU
		{D84F1943-3188-4968-B98C-8C13A0D3DE73}.Debug|Any CPU.ActiveCfg = Debug|Any CPU
		{D84F1943-3188-4968-B98C-8C13A0D3DE73}.Debug|Any CPU.Build.0 = Debug|Any CPU
		{D84F1943-3188-4968-B98C-8C13A0D3DE73}.Release|Any CPU.ActiveCfg = Release|Any CPU
		{D84F1943-3188-4968-B98C-8C13A0D3DE73}.Release|Any CPU.Build.0 = Release|Any CPU
		{B8E0BC0A-B745-427C-A287-BEA38970B52C}.Debug|Any CPU.ActiveCfg = Debug|Any CPU
		{B8E0BC0A-B745-427C-A287-BEA38970B52C}.Debug|Any CPU.Build.0 = Debug|Any CPU
		{B8E0BC0A-B745-427C-A287-BEA38970B52C}.Release|Any CPU.ActiveCfg = Release|Any CPU
		{B8E0BC0A-B745-427C-A287-BEA38970B52C}.Release|Any CPU.Build.0 = Release|Any CPU
	EndGlobalSection
	GlobalSection(SolutionProperties) = preSolution
		HideSolutionNode = FALSE
	EndGlobalSection
	GlobalSection(ExtensibilityGlobals) = postSolution
		SolutionGuid = {C0CD87BB-ED3E-47F8-96D7-E2A3B55B8B88}
	EndGlobalSection
EndGlobal
