
Microsoft Visual Studio Solution File, Format Version 12.00
# Visual Studio Version 16
VisualStudioVersion = 16.0.29326.143
MinimumVisualStudioVersion = 10.0.40219.1
Project("{9A19103F-16F7-4668-BE54-9A1E7A4F7556}") = "Server", "BiDi\Server\Server.csproj", "{CE495000-187F-4539-BDEF-2B21ACAF9469}"
EndProject
Project("{9A19103F-16F7-4668-BE54-9A1E7A4F7556}") = "Client", "BiDi\Client\Client.csproj", "{848FAA77-9650-471D-AB21-E7AB6BBFD428}"
EndProject
Global
	GlobalSection(SolutionConfigurationPlatforms) = preSolution
		Debug|Any CPU = Debug|Any CPU
		Release|Any CPU = Release|Any CPU
	EndGlobalSection
	GlobalSection(ProjectConfigurationPlatforms) = postSolution
		{CE495000-187F-4539-BDEF-2B21ACAF9469}.Debug|Any CPU.ActiveCfg = Debug|Any CPU
		{CE495000-187F-4539-BDEF-2B21ACAF9469}.Debug|Any CPU.Build.0 = Debug|Any CPU
		{CE495000-187F-4539-BDEF-2B21ACAF9469}.Release|Any CPU.ActiveCfg = Release|Any CPU
		{CE495000-187F-4539-BDEF-2B21ACAF9469}.Release|Any CPU.Build.0 = Release|Any CPU
		{848FAA77-9650-471D-AB21-E7AB6BBFD428}.Debug|Any CPU.ActiveCfg = Debug|Any CPU
		{848FAA77-9650-471D-AB21-E7AB6BBFD428}.Debug|Any CPU.Build.0 = Debug|Any CPU
		{848FAA77-9650-471D-AB21-E7AB6BBFD428}.Release|Any CPU.ActiveCfg = Release|Any CPU
		{848FAA77-9650-471D-AB21-E7AB6BBFD428}.Release|Any CPU.Build.0 = Release|Any CPU
	EndGlobalSection
	GlobalSection(SolutionProperties) = preSolution
		HideSolutionNode = FALSE
	EndGlobalSection
	GlobalSection(ExtensibilityGlobals) = postSolution
		SolutionGuid = {C0CD87BB-ED3E-47F8-96D7-E2A3B55B8B88}
	EndGlobalSection
EndGlobal
