
Microsoft Visual Studio Solution File, Format Version 12.00
# Visual Studio Version 16
VisualStudioVersion = 16.0.29326.143
MinimumVisualStudioVersion = 10.0.40219.1
Project("{9A19103F-16F7-4668-BE54-9A1E7A4F7556}") = "Server", "ClientStreaming\Server\Server.csproj", "{F568BA8E-7D6A-4D76-B035-DE2602590969}"
EndProject
Project("{9A19103F-16F7-4668-BE54-9A1E7A4F7556}") = "Client", "ClientStreaming\Client\Client.csproj", "{823A9F66-57F5-4EC6-9761-AE44211D0F66}"
EndProject
Global
	GlobalSection(SolutionConfigurationPlatforms) = preSolution
		Debug|Any CPU = Debug|Any CPU
		Release|Any CPU = Release|Any CPU
	EndGlobalSection
	GlobalSection(ProjectConfigurationPlatforms) = postSolution
		{F568BA8E-7D6A-4D76-B035-DE2602590969}.Debug|Any CPU.ActiveCfg = Debug|Any CPU
		{F568BA8E-7D6A-4D76-B035-DE2602590969}.Debug|Any CPU.Build.0 = Debug|Any CPU
		{F568BA8E-7D6A-4D76-B035-DE2602590969}.Release|Any CPU.ActiveCfg = Release|Any CPU
		{F568BA8E-7D6A-4D76-B035-DE2602590969}.Release|Any CPU.Build.0 = Release|Any CPU
		{823A9F66-57F5-4EC6-9761-AE44211D0F66}.Debug|Any CPU.ActiveCfg = Debug|Any CPU
		{823A9F66-57F5-4EC6-9761-AE44211D0F66}.Debug|Any CPU.Build.0 = Debug|Any CPU
		{823A9F66-57F5-4EC6-9761-AE44211D0F66}.Release|Any CPU.ActiveCfg = Release|Any CPU
		{823A9F66-57F5-4EC6-9761-AE44211D0F66}.Release|Any CPU.Build.0 = Release|Any CPU
	EndGlobalSection
	GlobalSection(SolutionProperties) = preSolution
		HideSolutionNode = FALSE
	EndGlobalSection
	GlobalSection(ExtensibilityGlobals) = postSolution
		SolutionGuid = {C0CD87BB-ED3E-47F8-96D7-E2A3B55B8B88}
	EndGlobalSection
EndGlobal
