
Microsoft Visual Studio Solution File, Format Version 12.00
# Visual Studio Version 16
VisualStudioVersion = 16.0.29326.143
MinimumVisualStudioVersion = 10.0.40219.1
Project("{9A19103F-16F7-4668-BE54-9A1E7A4F7556}") = "Server", "Unary\Server\Server.csproj", "{C3CE878F-2F9E-4CC5-A45E-5E02E892A238}"
EndProject
Project("{FAE04EC0-301F-11D3-BF4B-00C04F79EFBC}") = "Client", "Unary\Client\Client.csproj", "{124C843B-E84A-4061-BDE7-27695390A2A6}"
EndProject
Global
	GlobalSection(SolutionConfigurationPlatforms) = preSolution
		Debug|Any CPU = Debug|Any CPU
		Release|Any CPU = Release|Any CPU
	EndGlobalSection
	GlobalSection(ProjectConfigurationPlatforms) = postSolution
		{C3CE878F-2F9E-4CC5-A45E-5E02E892A238}.Debug|Any CPU.ActiveCfg = Debug|Any CPU
		{C3CE878F-2F9E-4CC5-A45E-5E02E892A238}.Debug|Any CPU.Build.0 = Debug|Any CPU
		{C3CE878F-2F9E-4CC5-A45E-5E02E892A238}.Release|Any CPU.ActiveCfg = Release|Any CPU
		{C3CE878F-2F9E-4CC5-A45E-5E02E892A238}.Release|Any CPU.Build.0 = Release|Any CPU
		{124C843B-E84A-4061-BDE7-27695390A2A6}.Debug|Any CPU.ActiveCfg = Debug|Any CPU
		{124C843B-E84A-4061-BDE7-27695390A2A6}.Debug|Any CPU.Build.0 = Debug|Any CPU
		{124C843B-E84A-4061-BDE7-27695390A2A6}.Release|Any CPU.ActiveCfg = Release|Any CPU
		{124C843B-E84A-4061-BDE7-27695390A2A6}.Release|Any CPU.Build.0 = Release|Any CPU
	EndGlobalSection
	GlobalSection(SolutionProperties) = preSolution
		HideSolutionNode = FALSE
	EndGlobalSection
	GlobalSection(ExtensibilityGlobals) = postSolution
		SolutionGuid = {C0CD87BB-ED3E-47F8-96D7-E2A3B55B8B88}
	EndGlobalSection
EndGlobal
