
Microsoft Visual Studio Solution File, Format Version 12.00
# Visual Studio Version 16
VisualStudioVersion = 16.0.29326.143
MinimumVisualStudioVersion = 10.0.40219.1
Project("{9A19103F-16F7-4668-BE54-9A1E7A4F7556}") = "Server", "Web_Envoy\Server\Server.csproj", "{01529C48-B5DF-4BE6-82F7-ADE94D7358D2}"
EndProject
Project("{9A19103F-16F7-4668-BE54-9A1E7A4F7556}") = "Client", "Web_Envoy\Client\Client.csproj", "{C3612EDC-EEA8-4797-B1A4-F493C2866ADA}"
EndProject
Project("{9A19103F-16F7-4668-BE54-9A1E7A4F7556}") = "ClientWeb", "Web_Envoy\ClientWeb\ClientWeb.csproj", "{731B5531-B8AF-4016-985C-48FE7765D9B2}"
EndProject
Global
	GlobalSection(SolutionConfigurationPlatforms) = preSolution
		Debug|Any CPU = Debug|Any CPU
		Release|Any CPU = Release|Any CPU
	EndGlobalSection
	GlobalSection(ProjectConfigurationPlatforms) = postSolution
		{01529C48-B5DF-4BE6-82F7-ADE94D7358D2}.Debug|Any CPU.ActiveCfg = Debug|Any CPU
		{01529C48-B5DF-4BE6-82F7-ADE94D7358D2}.Debug|Any CPU.Build.0 = Debug|Any CPU
		{01529C48-B5DF-4BE6-82F7-ADE94D7358D2}.Release|Any CPU.ActiveCfg = Release|Any CPU
		{01529C48-B5DF-4BE6-82F7-ADE94D7358D2}.Release|Any CPU.Build.0 = Release|Any CPU
		{C3612EDC-EEA8-4797-B1A4-F493C2866ADA}.Debug|Any CPU.ActiveCfg = Debug|Any CPU
		{C3612EDC-EEA8-4797-B1A4-F493C2866ADA}.Debug|Any CPU.Build.0 = Debug|Any CPU
		{C3612EDC-EEA8-4797-B1A4-F493C2866ADA}.Release|Any CPU.ActiveCfg = Release|Any CPU
		{C3612EDC-EEA8-4797-B1A4-F493C2866ADA}.Release|Any CPU.Build.0 = Release|Any CPU
		{731B5531-B8AF-4016-985C-48FE7765D9B2}.Debug|Any CPU.ActiveCfg = Debug|Any CPU
		{731B5531-B8AF-4016-985C-48FE7765D9B2}.Debug|Any CPU.Build.0 = Debug|Any CPU
		{731B5531-B8AF-4016-985C-48FE7765D9B2}.Release|Any CPU.ActiveCfg = Release|Any CPU
		{731B5531-B8AF-4016-985C-48FE7765D9B2}.Release|Any CPU.Build.0 = Release|Any CPU
	EndGlobalSection
	GlobalSection(SolutionProperties) = preSolution
		HideSolutionNode = FALSE
	EndGlobalSection
	GlobalSection(ExtensibilityGlobals) = postSolution
		SolutionGuid = {C0CD87BB-ED3E-47F8-96D7-E2A3B55B8B88}
	EndGlobalSection
EndGlobal
